// !$*UTF8*$!
{
	archiveVersion = 1;
	classes = {
	};
	objectVersion = 50;
	objects = {

/* Begin PBXBuildFile section */
		3E5FE1DB222612A80036F8D2 /* NativeFileManager.swift in Sources */ = {isa = PBXBuildFile; fileRef = 3E5FE1D9222612A80036F8D2 /* NativeFileManager.swift */; };
		3E5FE1DC222612A80036F8D2 /* System.swift in Sources */ = {isa = PBXBuildFile; fileRef = 3E5FE1DA222612A80036F8D2 /* System.swift */; };
		3E5FE1DE222612AE0036F8D2 /* dummy.txt in Resources */ = {isa = PBXBuildFile; fileRef = 3E5FE1DD222612AE0036F8D2 /* dummy.txt */; };
		3E860EA3221E477A0090D14C /* LocalFetch.framework in Frameworks */ = {isa = PBXBuildFile; fileRef = 3E860EA1221E477A0090D14C /* LocalFetch.framework */; };
		3E860EA4221E477A0090D14C /* XWKWebView.framework in Frameworks */ = {isa = PBXBuildFile; fileRef = 3E860EA2221E477A0090D14C /* XWKWebView.framework */; };
		3EA17887221E12E00014A2AD /* AppDelegate.swift in Sources */ = {isa = PBXBuildFile; fileRef = 3EA17886221E12E00014A2AD /* AppDelegate.swift */; };
		3EA17889221E12E00014A2AD /* ViewController.swift in Sources */ = {isa = PBXBuildFile; fileRef = 3EA17888221E12E00014A2AD /* ViewController.swift */; };
		3EA1788B221E12E10014A2AD /* Assets.xcassets in Resources */ = {isa = PBXBuildFile; fileRef = 3EA1788A221E12E10014A2AD /* Assets.xcassets */; };
		3EA1788E221E12E10014A2AD /* Main.storyboard in Resources */ = {isa = PBXBuildFile; fileRef = 3EA1788C221E12E10014A2AD /* Main.storyboard */; };
/* End PBXBuildFile section */

/* Begin PBXFileReference section */
		3E5FE1D9222612A80036F8D2 /* NativeFileManager.swift */ = {isa = PBXFileReference; fileEncoding = 4; lastKnownFileType = sourcecode.swift; path = NativeFileManager.swift; sourceTree = "<group>"; };
		3E5FE1DA222612A80036F8D2 /* System.swift */ = {isa = PBXFileReference; fileEncoding = 4; lastKnownFileType = sourcecode.swift; path = System.swift; sourceTree = "<group>"; };
		3E5FE1DD222612AE0036F8D2 /* dummy.txt */ = {isa = PBXFileReference; fileEncoding = 4; lastKnownFileType = text; path = dummy.txt; sourceTree = "<group>"; };
		3E860EA1221E477A0090D14C /* LocalFetch.framework */ = {isa = PBXFileReference; lastKnownFileType = wrapper.framework; name = LocalFetch.framework; path = Carthage/Build/Mac/LocalFetch.framework; sourceTree = "<group>"; };
		3E860EA2221E477A0090D14C /* XWKWebView.framework */ = {isa = PBXFileReference; lastKnownFileType = wrapper.framework; name = XWKWebView.framework; path = Carthage/Build/Mac/XWKWebView.framework; sourceTree = "<group>"; };
		3EA17883221E12E00014A2AD /* LocalFetchDemo.macOS.app */ = {isa = PBXFileReference; explicitFileType = wrapper.application; includeInIndex = 0; path = LocalFetchDemo.macOS.app; sourceTree = BUILT_PRODUCTS_DIR; };
		3EA17886221E12E00014A2AD /* AppDelegate.swift */ = {isa = PBXFileReference; lastKnownFileType = sourcecode.swift; path = AppDelegate.swift; sourceTree = "<group>"; };
		3EA17888221E12E00014A2AD /* ViewController.swift */ = {isa = PBXFileReference; lastKnownFileType = sourcecode.swift; path = ViewController.swift; sourceTree = "<group>"; };
		3EA1788A221E12E10014A2AD /* Assets.xcassets */ = {isa = PBXFileReference; lastKnownFileType = folder.assetcatalog; path = Assets.xcassets; sourceTree = "<group>"; };
		3EA1788D221E12E10014A2AD /* Base */ = {isa = PBXFileReference; lastKnownFileType = file.storyboard; name = Base; path = Base.lproj/Main.storyboard; sourceTree = "<group>"; };
		3EA1788F221E12E10014A2AD /* Info.plist */ = {isa = PBXFileReference; lastKnownFileType = text.plist.xml; path = Info.plist; sourceTree = "<group>"; };
		3EA17890221E12E10014A2AD /* LocalFetchDemo_macOS.entitlements */ = {isa = PBXFileReference; lastKnownFileType = text.plist.entitlements; path = LocalFetchDemo_macOS.entitlements; sourceTree = "<group>"; };
/* End PBXFileReference section */

/* Begin PBXFrameworksBuildPhase section */
		3EA17880221E12E00014A2AD /* Frameworks */ = {
			isa = PBXFrameworksBuildPhase;
			buildActionMask = 2147483647;
			files = (
				3E860EA3221E477A0090D14C /* LocalFetch.framework in Frameworks */,
				3E860EA4221E477A0090D14C /* XWKWebView.framework in Frameworks */,
			);
			runOnlyForDeploymentPostprocessing = 0;
		};
/* End PBXFrameworksBuildPhase section */

/* Begin PBXGroup section */
		3E5FE1D72226127E0036F8D2 /* Supporting Files */ = {
			isa = PBXGroup;
			children = (
				3E5FE1DD222612AE0036F8D2 /* dummy.txt */,
			);
			path = "Supporting Files";
			sourceTree = "<group>";
		};
		3E5FE1D8222612890036F8D2 /* Routes */ = {
			isa = PBXGroup;
			children = (
				3E5FE1D9222612A80036F8D2 /* NativeFileManager.swift */,
				3E5FE1DA222612A80036F8D2 /* System.swift */,
			);
			path = Routes;
			sourceTree = "<group>";
		};
		3E860EA0221E477A0090D14C /* Frameworks */ = {
			isa = PBXGroup;
			children = (
				3E860EA1221E477A0090D14C /* LocalFetch.framework */,
				3E860EA2221E477A0090D14C /* XWKWebView.framework */,
			);
			name = Frameworks;
			sourceTree = "<group>";
		};
		3EA1787A221E12E00014A2AD = {
			isa = PBXGroup;
			children = (
				3EA17885221E12E00014A2AD /* LocalFetchDemo.macOS */,
				3EA17884221E12E00014A2AD /* Products */,
				3E860EA0221E477A0090D14C /* Frameworks */,
			);
			sourceTree = "<group>";
		};
		3EA17884221E12E00014A2AD /* Products */ = {
			isa = PBXGroup;
			children = (
				3EA17883221E12E00014A2AD /* LocalFetchDemo.macOS.app */,
			);
			name = Products;
			sourceTree = "<group>";
		};
		3EA17885221E12E00014A2AD /* LocalFetchDemo.macOS */ = {
			isa = PBXGroup;
			children = (
				3E5FE1D8222612890036F8D2 /* Routes */,
				3E5FE1D72226127E0036F8D2 /* Supporting Files */,
				3EA17886221E12E00014A2AD /* AppDelegate.swift */,
				3EA17888221E12E00014A2AD /* ViewController.swift */,
				3EA1788A221E12E10014A2AD /* Assets.xcassets */,
				3EA1788C221E12E10014A2AD /* Main.storyboard */,
				3EA1788F221E12E10014A2AD /* Info.plist */,
				3EA17890221E12E10014A2AD /* LocalFetchDemo_macOS.entitlements */,
			);
			path = LocalFetchDemo.macOS;
			sourceTree = "<group>";
		};
/* End PBXGroup section */

/* Begin PBXNativeTarget section */
		3EA17882221E12E00014A2AD /* LocalFetchDemo.macOS */ = {
			isa = PBXNativeTarget;
			buildConfigurationList = 3EA17893221E12E10014A2AD /* Build configuration list for PBXNativeTarget "LocalFetchDemo.macOS" */;
			buildPhases = (
				3EA1787F221E12E00014A2AD /* Sources */,
				3EA17880221E12E00014A2AD /* Frameworks */,
				3EA17881221E12E00014A2AD /* Resources */,
				3E860EA5221E47800090D14C /* Carthage */,
			);
			buildRules = (
			);
			dependencies = (
			);
			name = LocalFetchDemo.macOS;
			productName = LocalFetchDemo.macOS;
			productReference = 3EA17883221E12E00014A2AD /* LocalFetchDemo.macOS.app */;
			productType = "com.apple.product-type.application";
		};
/* End PBXNativeTarget section */

/* Begin PBXProject section */
		3EA1787B221E12E00014A2AD /* Project object */ = {
			isa = PBXProject;
			attributes = {
				LastSwiftUpdateCheck = 1000;
				LastUpgradeCheck = 1000;
				ORGANIZATIONNAME = plu;
				TargetAttributes = {
					3EA17882221E12E00014A2AD = {
						CreatedOnToolsVersion = 10.0;
					};
				};
			};
			buildConfigurationList = 3EA1787E221E12E00014A2AD /* Build configuration list for PBXProject "LocalFetchDemo.macOS" */;
			compatibilityVersion = "Xcode 9.3";
			developmentRegion = en;
			hasScannedForEncodings = 0;
			knownRegions = (
				en,
				Base,
			);
			mainGroup = 3EA1787A221E12E00014A2AD;
			productRefGroup = 3EA17884221E12E00014A2AD /* Products */;
			projectDirPath = "";
			projectRoot = "";
			targets = (
				3EA17882221E12E00014A2AD /* LocalFetchDemo.macOS */,
			);
		};
/* End PBXProject section */

/* Begin PBXResourcesBuildPhase section */
		3EA17881221E12E00014A2AD /* Resources */ = {
			isa = PBXResourcesBuildPhase;
			buildActionMask = 2147483647;
			files = (
				3EA1788B221E12E10014A2AD /* Assets.xcassets in Resources */,
				3E5FE1DE222612AE0036F8D2 /* dummy.txt in Resources */,
				3EA1788E221E12E10014A2AD /* Main.storyboard in Resources */,
			);
			runOnlyForDeploymentPostprocessing = 0;
		};
/* End PBXResourcesBuildPhase section */

/* Begin PBXShellScriptBuildPhase section */
		3E860EA5221E47800090D14C /* Carthage */ = {
			isa = PBXShellScriptBuildPhase;
			buildActionMask = 2147483647;
			files = (
			);
			inputFileListPaths = (
			);
			inputPaths = (
				"$(SRCROOT)/Carthage/Build/Mac/XWKWebView.framework",
				"$(SRCROOT)/Carthage/Build/Mac/LocalFetch.framework",
			);
			name = Carthage;
			outputFileListPaths = (
			);
			outputPaths = (
				"$(BUILT_PRODUCTS_DIR)/$(FRAMEWORKS_FOLDER_PATH)/XWKWebView.framework",
				"$(BUILT_PRODUCTS_DIR)/$(FRAMEWORKS_FOLDER_PATH)/LocalFetch.framework",
			);
			runOnlyForDeploymentPostprocessing = 0;
			shellPath = /bin/sh;
			shellScript = "/usr/local/bin/carthage copy-frameworks\n";
		};
/* End PBXShellScriptBuildPhase section */

/* Begin PBXSourcesBuildPhase section */
		3EA1787F221E12E00014A2AD /* Sources */ = {
			isa = PBXSourcesBuildPhase;
			buildActionMask = 2147483647;
			files = (
				3E5FE1DC222612A80036F8D2 /* System.swift in Sources */,
				3EA17889221E12E00014A2AD /* ViewController.swift in Sources */,
				3EA17887221E12E00014A2AD /* AppDelegate.swift in Sources */,
				3E5FE1DB222612A80036F8D2 /* NativeFileManager.swift in Sources */,
			);
			runOnlyForDeploymentPostprocessing = 0;
		};
/* End PBXSourcesBuildPhase section */

/* Begin PBXVariantGroup section */
		3EA1788C221E12E10014A2AD /* Main.storyboard */ = {
			isa = PBXVariantGroup;
			children = (
				3EA1788D221E12E10014A2AD /* Base */,
			);
			name = Main.storyboard;
			sourceTree = "<group>";
		};
/* End PBXVariantGroup section */

/* Begin XCBuildConfiguration section */
		3EA17891221E12E10014A2AD /* Debug */ = {
			isa = XCBuildConfiguration;
			buildSettings = {
				ALWAYS_SEARCH_USER_PATHS = NO;
				CLANG_ANALYZER_NONNULL = YES;
				CLANG_ANALYZER_NUMBER_OBJECT_CONVERSION = YES_AGGRESSIVE;
				CLANG_CXX_LANGUAGE_STANDARD = "gnu++14";
				CLANG_CXX_LIBRARY = "libc++";
				CLANG_ENABLE_MODULES = YES;
				CLANG_ENABLE_OBJC_ARC = YES;
				CLANG_ENABLE_OBJC_WEAK = YES;
				CLANG_WARN_BLOCK_CAPTURE_AUTORELEASING = YES;
				CLANG_WARN_BOOL_CONVERSION = YES;
				CLANG_WARN_COMMA = YES;
				CLANG_WARN_CONSTANT_CONVERSION = YES;
				CLANG_WARN_DEPRECATED_OBJC_IMPLEMENTATIONS = YES;
				CLANG_WARN_DIRECT_OBJC_ISA_USAGE = YES_ERROR;
				CLANG_WARN_DOCUMENTATION_COMMENTS = YES;
				CLANG_WARN_EMPTY_BODY = YES;
				CLANG_WARN_ENUM_CONVERSION = YES;
				CLANG_WARN_INFINITE_RECURSION = YES;
				CLANG_WARN_INT_CONVERSION = YES;
				CLANG_WARN_NON_LITERAL_NULL_CONVERSION = YES;
				CLANG_WARN_OBJC_IMPLICIT_RETAIN_SELF = YES;
				CLANG_WARN_OBJC_LITERAL_CONVERSION = YES;
				CLANG_WARN_OBJC_ROOT_CLASS = YES_ERROR;
				CLANG_WARN_RANGE_LOOP_ANALYSIS = YES;
				CLANG_WARN_STRICT_PROTOTYPES = YES;
				CLANG_WARN_SUSPICIOUS_MOVE = YES;
				CLANG_WARN_UNGUARDED_AVAILABILITY = YES_AGGRESSIVE;
				CLANG_WARN_UNREACHABLE_CODE = YES;
				CLANG_WARN__DUPLICATE_METHOD_MATCH = YES;
				CODE_SIGN_IDENTITY = "Mac Developer";
				COPY_PHASE_STRIP = NO;
				DEBUG_INFORMATION_FORMAT = dwarf;
				ENABLE_STRICT_OBJC_MSGSEND = YES;
				ENABLE_TESTABILITY = YES;
				GCC_C_LANGUAGE_STANDARD = gnu11;
				GCC_DYNAMIC_NO_PIC = NO;
				GCC_NO_COMMON_BLOCKS = YES;
				GCC_OPTIMIZATION_LEVEL = 0;
				GCC_PREPROCESSOR_DEFINITIONS = (
					"DEBUG=1",
					"$(inherited)",
				);
				GCC_WARN_64_TO_32_BIT_CONVERSION = YES;
				GCC_WARN_ABOUT_RETURN_TYPE = YES_ERROR;
				GCC_WARN_UNDECLARED_SELECTOR = YES;
				GCC_WARN_UNINITIALIZED_AUTOS = YES_AGGRESSIVE;
				GCC_WARN_UNUSED_FUNCTION = YES;
				GCC_WARN_UNUSED_VARIABLE = YES;
				MACOSX_DEPLOYMENT_TARGET = 10.14;
				MTL_ENABLE_DEBUG_INFO = INCLUDE_SOURCE;
				MTL_FAST_MATH = YES;
				ONLY_ACTIVE_ARCH = YES;
				SDKROOT = macosx;
				SWIFT_ACTIVE_COMPILATION_CONDITIONS = DEBUG;
				SWIFT_OPTIMIZATION_LEVEL = "-Onone";
			};
			name = Debug;
		};
		3EA17892221E12E10014A2AD /* Release */ = {
			isa = XCBuildConfiguration;
			buildSettings = {
				ALWAYS_SEARCH_USER_PATHS = NO;
				CLANG_ANALYZER_NONNULL = YES;
				CLANG_ANALYZER_NUMBER_OBJECT_CONVERSION = YES_AGGRESSIVE;
				CLANG_CXX_LANGUAGE_STANDARD = "gnu++14";
				CLANG_CXX_LIBRARY = "libc++";
				CLANG_ENABLE_MODULES = YES;
				CLANG_ENABLE_OBJC_ARC = YES;
				CLANG_ENABLE_OBJC_WEAK = YES;
				CLANG_WARN_BLOCK_CAPTURE_AUTORELEASING = YES;
				CLANG_WARN_BOOL_CONVERSION = YES;
				CLANG_WARN_COMMA = YES;
				CLANG_WARN_CONSTANT_CONVERSION = YES;
				CLANG_WARN_DEPRECATED_OBJC_IMPLEMENTATIONS = YES;
				CLANG_WARN_DIRECT_OBJC_ISA_USAGE = YES_ERROR;
				CLANG_WARN_DOCUMENTATION_COMMENTS = YES;
				CLANG_WARN_EMPTY_BODY = YES;
				CLANG_WARN_ENUM_CONVERSION = YES;
				CLANG_WARN_INFINITE_RECURSION = YES;
				CLANG_WARN_INT_CONVERSION = YES;
				CLANG_WARN_NON_LITERAL_NULL_CONVERSION = YES;
				CLANG_WARN_OBJC_IMPLICIT_RETAIN_SELF = YES;
				CLANG_WARN_OBJC_LITERAL_CONVERSION = YES;
				CLANG_WARN_OBJC_ROOT_CLASS = YES_ERROR;
				CLANG_WARN_RANGE_LOOP_ANALYSIS = YES;
				CLANG_WARN_STRICT_PROTOTYPES = YES;
				CLANG_WARN_SUSPICIOUS_MOVE = YES;
				CLANG_WARN_UNGUARDED_AVAILABILITY = YES_AGGRESSIVE;
				CLANG_WARN_UNREACHABLE_CODE = YES;
				CLANG_WARN__DUPLICATE_METHOD_MATCH = YES;
				CODE_SIGN_IDENTITY = "Mac Developer";
				COPY_PHASE_STRIP = NO;
				DEBUG_INFORMATION_FORMAT = "dwarf-with-dsym";
				ENABLE_NS_ASSERTIONS = NO;
				ENABLE_STRICT_OBJC_MSGSEND = YES;
				GCC_C_LANGUAGE_STANDARD = gnu11;
				GCC_NO_COMMON_BLOCKS = YES;
				GCC_WARN_64_TO_32_BIT_CONVERSION = YES;
				GCC_WARN_ABOUT_RETURN_TYPE = YES_ERROR;
				GCC_WARN_UNDECLARED_SELECTOR = YES;
				GCC_WARN_UNINITIALIZED_AUTOS = YES_AGGRESSIVE;
				GCC_WARN_UNUSED_FUNCTION = YES;
				GCC_WARN_UNUSED_VARIABLE = YES;
				MACOSX_DEPLOYMENT_TARGET = 10.14;
				MTL_ENABLE_DEBUG_INFO = NO;
				MTL_FAST_MATH = YES;
				SDKROOT = macosx;
				SWIFT_COMPILATION_MODE = wholemodule;
				SWIFT_OPTIMIZATION_LEVEL = "-O";
			};
			name = Release;
		};
		3EA17894221E12E10014A2AD /* Debug */ = {
			isa = XCBuildConfiguration;
			buildSettings = {
				ASSETCATALOG_COMPILER_APPICON_NAME = AppIcon;
				CODE_SIGN_ENTITLEMENTS = LocalFetchDemo.macOS/LocalFetchDemo_macOS.entitlements;
				CODE_SIGN_STYLE = Automatic;
				COMBINE_HIDPI_IMAGES = YES;
				DEVELOPMENT_TEAM = 2PK47M46JY;
				FRAMEWORK_SEARCH_PATHS = (
					"$(inherited)",
					"$(PROJECT_DIR)/Carthage/Build/Mac",
				);
				INFOPLIST_FILE = LocalFetchDemo.macOS/Info.plist;
				LD_RUNPATH_SEARCH_PATHS = (
					"$(inherited)",
					"@executable_path/../Frameworks",
				);
				PRODUCT_BUNDLE_IDENTIFIER = "com.plu.LocalFetchDemo-macOS";
				PRODUCT_NAME = "$(TARGET_NAME)";
				SWIFT_VERSION = 4.2;
			};
			name = Debug;
		};
		3EA17895221E12E10014A2AD /* Release */ = {
			isa = XCBuildConfiguration;
			buildSettings = {
				ASSETCATALOG_COMPILER_APPICON_NAME = AppIcon;
				CODE_SIGN_ENTITLEMENTS = LocalFetchDemo.macOS/LocalFetchDemo_macOS.entitlements;
				CODE_SIGN_STYLE = Automatic;
				COMBINE_HIDPI_IMAGES = YES;
				DEVELOPMENT_TEAM = 2PK47M46JY;
				FRAMEWORK_SEARCH_PATHS = (
					"$(inherited)",
					"$(PROJECT_DIR)/Carthage/Build/Mac",
				);
				INFOPLIST_FILE = LocalFetchDemo.macOS/Info.plist;
				LD_RUNPATH_SEARCH_PATHS = (
					"$(inherited)",
					"@executable_path/../Frameworks",
				);
				PRODUCT_BUNDLE_IDENTIFIER = "com.plu.LocalFetchDemo-macOS";
				PRODUCT_NAME = "$(TARGET_NAME)";
				SWIFT_VERSION = 4.2;
			};
			name = Release;
		};
/* End XCBuildConfiguration section */

/* Begin XCConfigurationList section */
		3EA1787E221E12E00014A2AD /* Build configuration list for PBXProject "LocalFetchDemo.macOS" */ = {
			isa = XCConfigurationList;
			buildConfigurations = (
				3EA17891221E12E10014A2AD /* Debug */,
				3EA17892221E12E10014A2AD /* Release */,
			);
			defaultConfigurationIsVisible = 0;
			defaultConfigurationName = Release;
		};
		3EA17893221E12E10014A2AD /* Build configuration list for PBXNativeTarget "LocalFetchDemo.macOS" */ = {
			isa = XCConfigurationList;
			buildConfigurations = (
				3EA17894221E12E10014A2AD /* Debug */,
				3EA17895221E12E10014A2AD /* Release */,
			);
			defaultConfigurationIsVisible = 0;
			defaultConfigurationName = Release;
		};
/* End XCConfigurationList section */
	};
	rootObject = 3EA1787B221E12E00014A2AD /* Project object */;
}
